
Microsoft Visual Studio Solution File, Format Version 11.00
# Visual C++ Express 2010
Project("{8BC9CEB8-8B4A-11D0-8D11-00A0C91BC942}") = "어려운거", "어려운거\어려운거.vcxproj", "{F87E489D-6F11-4578-8FB4-7574ACFADD1A}"
EndProject
Global
	GlobalSection(SolutionConfigurationPlatforms) = preSolution
		Debug|Win32 = Debug|Win32
		Release|Win32 = Release|Win32
	EndGlobalSection
	GlobalSection(ProjectConfigurationPlatforms) = postSolution
		{F87E489D-6F11-4578-8FB4-7574ACFADD1A}.Debug|Win32.ActiveCfg = Debug|Win32
		{F87E489D-6F11-4578-8FB4-7574ACFADD1A}.Debug|Win32.Build.0 = Debug|Win32
		{F87E489D-6F11-4578-8FB4-7574ACFADD1A}.Release|Win32.ActiveCfg = Release|Win32
		{F87E489D-6F11-4578-8FB4-7574ACFADD1A}.Release|Win32.Build.0 = Release|Win32
	EndGlobalSection
	GlobalSection(SolutionProperties) = preSolution
		HideSolutionNode = FALSE
	EndGlobalSection
EndGlobal
