
Microsoft Visual Studio Solution File, Format Version 12.00
# Visual Studio 14
VisualStudioVersion = 14.0.25420.1
MinimumVisualStudioVersion = 10.0.40219.1
Project("{8BC9CEB8-8B4A-11D0-8D11-00A0C91BC942}") = "왜자꾸링크오류", "왜자꾸링크오류\왜자꾸링크오류.vcxproj", "{68E818DC-5E60-4045-8461-0BDF1D3EDD7E}"
EndProject
Global
	GlobalSection(SolutionConfigurationPlatforms) = preSolution
		Debug|x64 = Debug|x64
		Debug|x86 = Debug|x86
		Release|x64 = Release|x64
		Release|x86 = Release|x86
	EndGlobalSection
	GlobalSection(ProjectConfigurationPlatforms) = postSolution
		{68E818DC-5E60-4045-8461-0BDF1D3EDD7E}.Debug|x64.ActiveCfg = Debug|x64
		{68E818DC-5E60-4045-8461-0BDF1D3EDD7E}.Debug|x64.Build.0 = Debug|x64
		{68E818DC-5E60-4045-8461-0BDF1D3EDD7E}.Debug|x86.ActiveCfg = Debug|Win32
		{68E818DC-5E60-4045-8461-0BDF1D3EDD7E}.Debug|x86.Build.0 = Debug|Win32
		{68E818DC-5E60-4045-8461-0BDF1D3EDD7E}.Release|x64.ActiveCfg = Release|x64
		{68E818DC-5E60-4045-8461-0BDF1D3EDD7E}.Release|x64.Build.0 = Release|x64
		{68E818DC-5E60-4045-8461-0BDF1D3EDD7E}.Release|x86.ActiveCfg = Release|Win32
		{68E818DC-5E60-4045-8461-0BDF1D3EDD7E}.Release|x86.Build.0 = Release|Win32
	EndGlobalSection
	GlobalSection(SolutionProperties) = preSolution
		HideSolutionNode = FALSE
	EndGlobalSection
EndGlobal
