
Microsoft Visual Studio Solution File, Format Version 11.00
# Visual C++ Express 2010
Project("{8BC9CEB8-8B4A-11D0-8D11-00A0C91BC942}") = "조용히해", "조용히해\조용히해.vcxproj", "{825A41EE-95FA-42B7-AC2C-FA56E3C7C027}"
EndProject
Global
	GlobalSection(SolutionConfigurationPlatforms) = preSolution
		Debug|Win32 = Debug|Win32
		Release|Win32 = Release|Win32
	EndGlobalSection
	GlobalSection(ProjectConfigurationPlatforms) = postSolution
		{825A41EE-95FA-42B7-AC2C-FA56E3C7C027}.Debug|Win32.ActiveCfg = Debug|Win32
		{825A41EE-95FA-42B7-AC2C-FA56E3C7C027}.Debug|Win32.Build.0 = Debug|Win32
		{825A41EE-95FA-42B7-AC2C-FA56E3C7C027}.Release|Win32.ActiveCfg = Release|Win32
		{825A41EE-95FA-42B7-AC2C-FA56E3C7C027}.Release|Win32.Build.0 = Release|Win32
	EndGlobalSection
	GlobalSection(SolutionProperties) = preSolution
		HideSolutionNode = FALSE
	EndGlobalSection
EndGlobal
