
Microsoft Visual Studio Solution File, Format Version 11.00
# Visual C++ Express 2010
Project("{8BC9CEB8-8B4A-11D0-8D11-00A0C91BC942}") = "동적할당실습문제 part2", "동적할당실습문제 part2\동적할당실습문제 part2.vcxproj", "{9E5C189E-4F1D-45E5-B097-493E3FFEF6DC}"
EndProject
Global
	GlobalSection(SolutionConfigurationPlatforms) = preSolution
		Debug|Win32 = Debug|Win32
		Release|Win32 = Release|Win32
	EndGlobalSection
	GlobalSection(ProjectConfigurationPlatforms) = postSolution
		{9E5C189E-4F1D-45E5-B097-493E3FFEF6DC}.Debug|Win32.ActiveCfg = Debug|Win32
		{9E5C189E-4F1D-45E5-B097-493E3FFEF6DC}.Debug|Win32.Build.0 = Debug|Win32
		{9E5C189E-4F1D-45E5-B097-493E3FFEF6DC}.Release|Win32.ActiveCfg = Release|Win32
		{9E5C189E-4F1D-45E5-B097-493E3FFEF6DC}.Release|Win32.Build.0 = Release|Win32
	EndGlobalSection
	GlobalSection(SolutionProperties) = preSolution
		HideSolutionNode = FALSE
	EndGlobalSection
EndGlobal
