
Microsoft Visual Studio Solution File, Format Version 11.00
# Visual C++ Express 2010
Project("{8BC9CEB8-8B4A-11D0-8D11-00A0C91BC942}") = "포인터 실습문제", "포인터 실습문제\포인터 실습문제.vcxproj", "{7F30B83E-1A86-4ACD-AB32-4A43F76BA21E}"
EndProject
Global
	GlobalSection(SolutionConfigurationPlatforms) = preSolution
		Debug|Win32 = Debug|Win32
		Release|Win32 = Release|Win32
	EndGlobalSection
	GlobalSection(ProjectConfigurationPlatforms) = postSolution
		{7F30B83E-1A86-4ACD-AB32-4A43F76BA21E}.Debug|Win32.ActiveCfg = Debug|Win32
		{7F30B83E-1A86-4ACD-AB32-4A43F76BA21E}.Debug|Win32.Build.0 = Debug|Win32
		{7F30B83E-1A86-4ACD-AB32-4A43F76BA21E}.Release|Win32.ActiveCfg = Release|Win32
		{7F30B83E-1A86-4ACD-AB32-4A43F76BA21E}.Release|Win32.Build.0 = Release|Win32
	EndGlobalSection
	GlobalSection(SolutionProperties) = preSolution
		HideSolutionNode = FALSE
	EndGlobalSection
EndGlobal
