
Microsoft Visual Studio Solution File, Format Version 11.00
# Visual C++ Express 2010
Project("{8BC9CEB8-8B4A-11D0-8D11-00A0C91BC942}") = "간만에 코딩", "간만에 코딩\간만에 코딩.vcxproj", "{22F64C28-2768-426F-A7B4-48A8331210EE}"
EndProject
Global
	GlobalSection(SolutionConfigurationPlatforms) = preSolution
		Debug|Win32 = Debug|Win32
		Release|Win32 = Release|Win32
	EndGlobalSection
	GlobalSection(ProjectConfigurationPlatforms) = postSolution
		{22F64C28-2768-426F-A7B4-48A8331210EE}.Debug|Win32.ActiveCfg = Debug|Win32
		{22F64C28-2768-426F-A7B4-48A8331210EE}.Debug|Win32.Build.0 = Debug|Win32
		{22F64C28-2768-426F-A7B4-48A8331210EE}.Release|Win32.ActiveCfg = Release|Win32
		{22F64C28-2768-426F-A7B4-48A8331210EE}.Release|Win32.Build.0 = Release|Win32
	EndGlobalSection
	GlobalSection(SolutionProperties) = preSolution
		HideSolutionNode = FALSE
	EndGlobalSection
EndGlobal
