
Microsoft Visual Studio Solution File, Format Version 11.00
# Visual C++ Express 2010
Project("{8BC9CEB8-8B4A-11D0-8D11-00A0C91BC942}") = "문자열이", "문자열이\문자열이.vcxproj", "{EFB1DB03-865B-417C-A008-12CB426350BA}"
EndProject
Global
	GlobalSection(SolutionConfigurationPlatforms) = preSolution
		Debug|Win32 = Debug|Win32
		Release|Win32 = Release|Win32
	EndGlobalSection
	GlobalSection(ProjectConfigurationPlatforms) = postSolution
		{EFB1DB03-865B-417C-A008-12CB426350BA}.Debug|Win32.ActiveCfg = Debug|Win32
		{EFB1DB03-865B-417C-A008-12CB426350BA}.Debug|Win32.Build.0 = Debug|Win32
		{EFB1DB03-865B-417C-A008-12CB426350BA}.Release|Win32.ActiveCfg = Release|Win32
		{EFB1DB03-865B-417C-A008-12CB426350BA}.Release|Win32.Build.0 = Release|Win32
	EndGlobalSection
	GlobalSection(SolutionProperties) = preSolution
		HideSolutionNode = FALSE
	EndGlobalSection
EndGlobal
